
Microsoft Visual Studio Solution File, Format Version 12.00
# Visual Studio Version 17
VisualStudioVersion = 17.2.32602.215
MinimumVisualStudioVersion = 10.0.40219.1
Project("{FAE04EC0-301F-11D3-BF4B-00C04F79EFBC}") = "GraduateDegrees", "GraduateDegrees\GraduateDegrees.csproj", "{57EE76A3-3B69-41CE-BA1C-FED7910B9B51}"
EndProject
Global
	GlobalSection(SolutionConfigurationPlatforms) = preSolution
		Debug|Any CPU = Debug|Any CPU
		Release|Any CPU = Release|Any CPU
	EndGlobalSection
	GlobalSection(ProjectConfigurationPlatforms) = postSolution
		{57EE76A3-3B69-41CE-BA1C-FED7910B9B51}.Debug|Any CPU.ActiveCfg = Debug|Any CPU
		{57EE76A3-3B69-41CE-BA1C-FED7910B9B51}.Debug|Any CPU.Build.0 = Debug|Any CPU
		{57EE76A3-3B69-41CE-BA1C-FED7910B9B51}.Release|Any CPU.ActiveCfg = Release|Any CPU
		{57EE76A3-3B69-41CE-BA1C-FED7910B9B51}.Release|Any CPU.Build.0 = Release|Any CPU
	EndGlobalSection
	GlobalSection(SolutionProperties) = preSolution
		HideSolutionNode = FALSE
	EndGlobalSection
	GlobalSection(ExtensibilityGlobals) = postSolution
		SolutionGuid = {F9DECF01-07C9-4A2C-B426-0EFF1605B5D6}
	EndGlobalSection
EndGlobal
